schema: '2.0'
stages:
  get_data:
    cmd: python src/get_data.py
    deps:
    - path: src/get_data.py
      hash: md5
      md5: f12930d8ea2c21fa1e3f8dfe9bba12c6
      size: 522
    outs:
    - path: smsspamcollection
      hash: md5
      md5: 5a84bb806c75cbc704c9fb17e1ba8e44.dir
      size: 604940
      nfiles: 3
  preprocess:
    cmd: python src/text_preprocessing.py
    deps:
    - path: smsspamcollection/SMSSpamCollection
      hash: md5
      md5: 1486bd45728415fc3ffb5496c7a65f57
      size: 259898
    outs:
    - path: output/preprocessed_data.joblib
      hash: md5
      md5: b9b5ddaff00bdd35f4a0d55f77cfafca
      size: 374988
    - path: output/preprocessor.joblib
      hash: md5
      md5: 3839feab1144b028666bc98c2d419e2d
      size: 162737
  train:
    cmd: python src/text_classification.py
    deps:
    - path: output/preprocessed_data.joblib
      hash: md5
      md5: b9b5ddaff00bdd35f4a0d55f77cfafca
      size: 374988
    outs:
    - path: output/accuracy_scores.png
      hash: md5
      md5: b790e1f2da3b1b316cc9d1542566ebb1
      size: 23991
    - path: output/misclassified_msgs.txt
      hash: md5
      md5: 406ce9c5e0aa880d8c7f3a691a52b54e
      size: 63714
    - path: output/model.joblib
      hash: md5
      md5: c7706e258b3d6f912a0085e4ef398ea5
      size: 12345
