schema: '2.0'
stages:
  get_data:
    cmd: python src/get_data.py
    deps:
    - path: src/get_data.py
      hash: md5
      md5: 89f5ecace3308e05948d58c1bb1cb406
      size: 601
    outs:
    - path: smsspamcollection
      hash: md5
      md5: 6a96da26fe9ed5d450b58dd97347334e.dir
      size: 687902
      nfiles: 3
  preprocess:
    cmd: python src/text_preprocessing.py
    deps:
    - path: smsspamcollection/SMSSpamCollection
      hash: md5
      md5: fd45282652a83e8a5d4071dc65d7f615
      size: 342860
    - path: src/text_preprocessing.py
      hash: md5
      md5: ed0b9c3b0ff2d70215f4e58f517a46cf
      size: 2533
    outs:
    - path: output/preprocessed_data.joblib
      hash: md5
      md5: 563078c54837293e2e29f2d656bef41a
      size: 495220
    - path: output/preprocessor.joblib
      hash: md5
      md5: cd245e90672b88851c0d047d2cf1f943
      size: 192225
  train:
    cmd: python src/text_classification.py
    deps:
    - path: output/preprocessed_data.joblib
      hash: md5
      md5: 563078c54837293e2e29f2d656bef41a
      size: 495220
    - path: src/text_classification.py
      hash: md5
      md5: 91cdb3abf60de5391e691e3d7b371c97
      size: 3412
    outs:
    - path: output/accuracy.json
      hash: md5
      md5: 363017d85a46eae798ce7d422018dfc3
      size: 34
    - path: output/accuracy_scores.png
      hash: md5
      md5: 701fb6dfb21344a1fcaac95283cb2224
      size: 23868
    - path: output/misclassified_msgs.txt
      hash: md5
      md5: a8919b99c9da2cfd89ed36016fc1c904
      size: 77055
    - path: output/model.joblib
      hash: md5
      md5: 7de555e48a1b96779a94634fd7f2857b
      size: 16345
